{
  "name": "@rbxts/crochet",
  "version": "1.0.0-beta.0.0",
  "lockfileVersion": 1,
  "requires": true,
  "dependencies": {
    "@rbxts/compiler-types": {
      "version": "1.0.0-beta.6.2",
      "resolved": "https://registry.npmjs.org/@rbxts/compiler-types/-/compiler-types-1.0.0-beta.6.2.tgz",
      "integrity": "sha512-Q5iQ/HPE/38WbA71Ag8DCnmas9K+7Ks6leUCXSZTOz8+upJSBQ6uGrC9gFp7EWABCq29LyA6HV0osR9x+vlvsw==",
      "dev": true
    },
    "@rbxts/object-utils": {
      "version": "1.0.4",
      "resolved": "https://registry.npmjs.org/@rbxts/object-utils/-/object-utils-1.0.4.tgz",
      "integrity": "sha512-dLLhf022ipV+9i910sOE7kl9losKHoon0WgeerHqVMQA5EYsLUsVT2AxhJuhk8MiDn5oJ2GiFofE/LadY9TpJQ=="
    },
    "@rbxts/types": {
      "version": "1.0.428",
      "resolved": "https://registry.npmjs.org/@rbxts/types/-/types-1.0.428.tgz",
      "integrity": "sha512-uOQgBgdrmPaMiAgvoDJZGjMgqb/V9D4aSH3HTuQqVSHyFIb+RjgIWo90F/ZiM4qrJehbdxQuFoQje68rNTcopQ==",
      "dev": true,
      "requires": {
        "@rbxts/compiler-types": "*"
      }
    }
  }
}
